PODS:
  - QRCodeReaderViewController (4.0.2)

DEPENDENCIES:
  - QRCodeReaderViewController (~> 4.0.2)

SPEC REPOS:
  trunk:
    - QRCodeReaderViewController

SPEC CHECKSUMS:
  QRCodeReaderViewController: e8f27d035b3e72b1d4b1c61ff66458287e3be0ff

PODFILE CHECKSUM: 5b5bb317a48d4fda15eddd6ef271392bd3d9bdfc

COCOAPODS: 1.11.2
