// !$*UTF8*$!
{
	archiveVersion = 1;
	classes = {
	};
	objectVersion = 51;
	objects = {

/* Begin PBXBuildFile section */
		C5418D4DB5F2215C899CD980 /* Pods_QRCodeTutorial_objective_c.framework in Frameworks */ = {isa = PBXBuildFile; fileRef = FA96DAD57AA55A4FC25E13C3 /* Pods_QRCodeTutorial_objective_c.framework */; };
		D0DAF5472738E28B008F295A /* AppDelegate.m in Sources */ = {isa = PBXBuildFile; fileRef = D0DAF5462738E28B008F295A /* AppDelegate.m */; };
		D0DAF54A2738E28B008F295A /* SceneDelegate.m in Sources */ = {isa = PBXBuildFile; fileRef = D0DAF5492738E28B008F295A /* SceneDelegate.m */; };
		D0DAF54D2738E28B008F295A /* MainViewController.m in Sources */ = {isa = PBXBuildFile; fileRef = D0DAF54C2738E28B008F295A /* MainViewController.m */; };
		D0DAF5502738E28B008F295A /* Main.storyboard in Resources */ = {isa = PBXBuildFile; fileRef = D0DAF54E2738E28B008F295A /* Main.storyboard */; };
		D0DAF5522738E28C008F295A /* Assets.xcassets in Resources */ = {isa = PBXBuildFile; fileRef = D0DAF5512738E28C008F295A /* Assets.xcassets */; };
		D0DAF5552738E28C008F295A /* LaunchScreen.storyboard in Resources */ = {isa = PBXBuildFile; fileRef = D0DAF5532738E28C008F295A /* LaunchScreen.storyboard */; };
		D0DAF5582738E28C008F295A /* main.m in Sources */ = {isa = PBXBuildFile; fileRef = D0DAF5572738E28C008F295A /* main.m */; };
		D0DAF5602738E58B008F295A /* WebKit.framework in Frameworks */ = {isa = PBXBuildFile; fileRef = D0DAF55F2738E58B008F295A /* WebKit.framework */; };
/* End PBXBuildFile section */

/* Begin PBXFileReference section */
		223B196176331F72DB664508 /* Pods-QRCodeTutorial_objective-c.release.xcconfig */ = {isa = PBXFileReference; includeInIndex = 1; lastKnownFileType = text.xcconfig; name = "Pods-QRCodeTutorial_objective-c.release.xcconfig"; path = "Target Support Files/Pods-QRCodeTutorial_objective-c/Pods-QRCodeTutorial_objective-c.release.xcconfig"; sourceTree = "<group>"; };
		684FBACE5A0B908D74B9BC8F /* Pods-QRCodeTutorial_objective-c.debug.xcconfig */ = {isa = PBXFileReference; includeInIndex = 1; lastKnownFileType = text.xcconfig; name = "Pods-QRCodeTutorial_objective-c.debug.xcconfig"; path = "Target Support Files/Pods-QRCodeTutorial_objective-c/Pods-QRCodeTutorial_objective-c.debug.xcconfig"; sourceTree = "<group>"; };
		D0DAF5422738E28B008F295A /* QRCodeTutorial_objective-c.app */ = {isa = PBXFileReference; explicitFileType = wrapper.application; includeInIndex = 0; path = "QRCodeTutorial_objective-c.app"; sourceTree = BUILT_PRODUCTS_DIR; };
		D0DAF5452738E28B008F295A /* AppDelegate.h */ = {isa = PBXFileReference; lastKnownFileType = sourcecode.c.h; path = AppDelegate.h; sourceTree = "<group>"; };
		D0DAF5462738E28B008F295A /* AppDelegate.m */ = {isa = PBXFileReference; lastKnownFileType = sourcecode.c.objc; path = AppDelegate.m; sourceTree = "<group>"; };
		D0DAF5482738E28B008F295A /* SceneDelegate.h */ = {isa = PBXFileReference; lastKnownFileType = sourcecode.c.h; path = SceneDelegate.h; sourceTree = "<group>"; };
		D0DAF5492738E28B008F295A /* SceneDelegate.m */ = {isa = PBXFileReference; lastKnownFileType = sourcecode.c.objc; path = SceneDelegate.m; sourceTree = "<group>"; };
		D0DAF54B2738E28B008F295A /* MainViewController.h */ = {isa = PBXFileReference; lastKnownFileType = sourcecode.c.h; path = MainViewController.h; sourceTree = "<group>"; };
		D0DAF54C2738E28B008F295A /* MainViewController.m */ = {isa = PBXFileReference; lastKnownFileType = sourcecode.c.objc; path = MainViewController.m; sourceTree = "<group>"; };
		D0DAF54F2738E28B008F295A /* Base */ = {isa = PBXFileReference; lastKnownFileType = file.storyboard; name = Base; path = Base.lproj/Main.storyboard; sourceTree = "<group>"; };
		D0DAF5512738E28C008F295A /* Assets.xcassets */ = {isa = PBXFileReference; lastKnownFileType = folder.assetcatalog; path = Assets.xcassets; sourceTree = "<group>"; };
		D0DAF5542738E28C008F295A /* Base */ = {isa = PBXFileReference; lastKnownFileType = file.storyboard; name = Base; path = Base.lproj/LaunchScreen.storyboard; sourceTree = "<group>"; };
		D0DAF5562738E28C008F295A /* Info.plist */ = {isa = PBXFileReference; lastKnownFileType = text.plist.xml; path = Info.plist; sourceTree = "<group>"; };
		D0DAF5572738E28C008F295A /* main.m */ = {isa = PBXFileReference; lastKnownFileType = sourcecode.c.objc; path = main.m; sourceTree = "<group>"; };
		D0DAF55F2738E58B008F295A /* WebKit.framework */ = {isa = PBXFileReference; lastKnownFileType = wrapper.framework; name = WebKit.framework; path = System/Library/Frameworks/WebKit.framework; sourceTree = SDKROOT; };
		FA96DAD57AA55A4FC25E13C3 /* Pods_QRCodeTutorial_objective_c.framework */ = {isa = PBXFileReference; explicitFileType = wrapper.framework; includeInIndex = 0; path = Pods_QRCodeTutorial_objective_c.framework; sourceTree = BUILT_PRODUCTS_DIR; };
/* End PBXFileReference section */

/* Begin PBXFrameworksBuildPhase section */
		D0DAF53F2738E28B008F295A /* Frameworks */ = {
			isa = PBXFrameworksBuildPhase;
			buildActionMask = 2147483647;
			files = (
				D0DAF5602738E58B008F295A /* WebKit.framework in Frameworks */,
				C5418D4DB5F2215C899CD980 /* Pods_QRCodeTutorial_objective_c.framework in Frameworks */,
			);
			runOnlyForDeploymentPostprocessing = 0;
		};
/* End PBXFrameworksBuildPhase section */

/* Begin PBXGroup section */
		C7DB0733D701EAA7D18A011F /* Pods */ = {
			isa = PBXGroup;
			children = (
				684FBACE5A0B908D74B9BC8F /* Pods-QRCodeTutorial_objective-c.debug.xcconfig */,
				223B196176331F72DB664508 /* Pods-QRCodeTutorial_objective-c.release.xcconfig */,
			);
			path = Pods;
			sourceTree = "<group>";
		};
		D0DAF5392738E28B008F295A = {
			isa = PBXGroup;
			children = (
				D0DAF5442738E28B008F295A /* QRCodeTutorial_objective-c */,
				D0DAF5432738E28B008F295A /* Products */,
				D0DAF55E2738E58B008F295A /* Frameworks */,
				C7DB0733D701EAA7D18A011F /* Pods */,
			);
			sourceTree = "<group>";
		};
		D0DAF5432738E28B008F295A /* Products */ = {
			isa = PBXGroup;
			children = (
				D0DAF5422738E28B008F295A /* QRCodeTutorial_objective-c.app */,
			);
			name = Products;
			sourceTree = "<group>";
		};
		D0DAF5442738E28B008F295A /* QRCodeTutorial_objective-c */ = {
			isa = PBXGroup;
			children = (
				D0DAF5452738E28B008F295A /* AppDelegate.h */,
				D0DAF5462738E28B008F295A /* AppDelegate.m */,
				D0DAF5482738E28B008F295A /* SceneDelegate.h */,
				D0DAF5492738E28B008F295A /* SceneDelegate.m */,
				D0DAF54B2738E28B008F295A /* MainViewController.h */,
				D0DAF54C2738E28B008F295A /* MainViewController.m */,
				D0DAF54E2738E28B008F295A /* Main.storyboard */,
				D0DAF5512738E28C008F295A /* Assets.xcassets */,
				D0DAF5532738E28C008F295A /* LaunchScreen.storyboard */,
				D0DAF5562738E28C008F295A /* Info.plist */,
				D0DAF5572738E28C008F295A /* main.m */,
			);
			path = "QRCodeTutorial_objective-c";
			sourceTree = "<group>";
		};
		D0DAF55E2738E58B008F295A /* Frameworks */ = {
			isa = PBXGroup;
			children = (
				D0DAF55F2738E58B008F295A /* WebKit.framework */,
				FA96DAD57AA55A4FC25E13C3 /* Pods_QRCodeTutorial_objective_c.framework */,
			);
			name = Frameworks;
			sourceTree = "<group>";
		};
/* End PBXGroup section */

/* Begin PBXNativeTarget section */
		D0DAF5412738E28B008F295A /* QRCodeTutorial_objective-c */ = {
			isa = PBXNativeTarget;
			buildConfigurationList = D0DAF55B2738E28C008F295A /* Build configuration list for PBXNativeTarget "QRCodeTutorial_objective-c" */;
			buildPhases = (
				2CB96D34056C3C6DE90A4A13 /* [CP] Check Pods Manifest.lock */,
				D0DAF53E2738E28B008F295A /* Sources */,
				D0DAF53F2738E28B008F295A /* Frameworks */,
				D0DAF5402738E28B008F295A /* Resources */,
				87AF6B0A2DE4398EFEB40DD1 /* [CP] Embed Pods Frameworks */,
			);
			buildRules = (
			);
			dependencies = (
			);
			name = "QRCodeTutorial_objective-c";
			productName = "QRCodeTutorial_objective-c";
			productReference = D0DAF5422738E28B008F295A /* QRCodeTutorial_objective-c.app */;
			productType = "com.apple.product-type.application";
		};
/* End PBXNativeTarget section */

/* Begin PBXProject section */
		D0DAF53A2738E28B008F295A /* Project object */ = {
			isa = PBXProject;
			attributes = {
				LastUpgradeCheck = 1120;
				ORGANIZATIONNAME = "장민석";
				TargetAttributes = {
					D0DAF5412738E28B008F295A = {
						CreatedOnToolsVersion = 11.2.1;
					};
				};
			};
			buildConfigurationList = D0DAF53D2738E28B008F295A /* Build configuration list for PBXProject "QRCodeTutorial_objective-c" */;
			compatibilityVersion = "Xcode 9.3";
			developmentRegion = en;
			hasScannedForEncodings = 0;
			knownRegions = (
				en,
				Base,
			);
			mainGroup = D0DAF5392738E28B008F295A;
			productRefGroup = D0DAF5432738E28B008F295A /* Products */;
			projectDirPath = "";
			projectRoot = "";
			targets = (
				D0DAF5412738E28B008F295A /* QRCodeTutorial_objective-c */,
			);
		};
/* End PBXProject section */

/* Begin PBXResourcesBuildPhase section */
		D0DAF5402738E28B008F295A /* Resources */ = {
			isa = PBXResourcesBuildPhase;
			buildActionMask = 2147483647;
			files = (
				D0DAF5552738E28C008F295A /* LaunchScreen.storyboard in Resources */,
				D0DAF5522738E28C008F295A /* Assets.xcassets in Resources */,
				D0DAF5502738E28B008F295A /* Main.storyboard in Resources */,
			);
			runOnlyForDeploymentPostprocessing = 0;
		};
/* End PBXResourcesBuildPhase section */

/* Begin PBXShellScriptBuildPhase section */
		2CB96D34056C3C6DE90A4A13 /* [CP] Check Pods Manifest.lock */ = {
			isa = PBXShellScriptBuildPhase;
			buildActionMask = 2147483647;
			files = (
			);
			inputFileListPaths = (
			);
			inputPaths = (
				"${PODS_PODFILE_DIR_PATH}/Podfile.lock",
				"${PODS_ROOT}/Manifest.lock",
			);
			name = "[CP] Check Pods Manifest.lock";
			outputFileListPaths = (
			);
			outputPaths = (
				"$(DERIVED_FILE_DIR)/Pods-QRCodeTutorial_objective-c-checkManifestLockResult.txt",
			);
			runOnlyForDeploymentPostprocessing = 0;
			shellPath = /bin/sh;
			shellScript = "diff \"${PODS_PODFILE_DIR_PATH}/Podfile.lock\" \"${PODS_ROOT}/Manifest.lock\" > /dev/null\nif [ $? != 0 ] ; then\n    # print error to STDERR\n    echo \"error: The sandbox is not in sync with the Podfile.lock. Run 'pod install' or update your CocoaPods installation.\" >&2\n    exit 1\nfi\n# This output is used by Xcode 'outputs' to avoid re-running this script phase.\necho \"SUCCESS\" > \"${SCRIPT_OUTPUT_FILE_0}\"\n";
			showEnvVarsInLog = 0;
		};
		87AF6B0A2DE4398EFEB40DD1 /* [CP] Embed Pods Frameworks */ = {
			isa = PBXShellScriptBuildPhase;
			buildActionMask = 12;
			files = (
			);
			inputFileListPaths = (
				"${PODS_ROOT}/Target Support Files/Pods-QRCodeTutorial_objective-c/Pods-QRCodeTutorial_objective-c-frameworks-${CONFIGURATION}-input-files.xcfilelist",
			);
			name = "[CP] Embed Pods Frameworks";
			outputFileListPaths = (
				"${PODS_ROOT}/Target Support Files/Pods-QRCodeTutorial_objective-c/Pods-QRCodeTutorial_objective-c-frameworks-${CONFIGURATION}-output-files.xcfilelist",
			);
			runOnlyForDeploymentPostprocessing = 0;
			shellPath = /bin/sh;
			shellScript = "\"${PODS_ROOT}/Target Support Files/Pods-QRCodeTutorial_objective-c/Pods-QRCodeTutorial_objective-c-frameworks.sh\"\n";
			showEnvVarsInLog = 0;
		};
/* End PBXShellScriptBuildPhase section */

/* Begin PBXSourcesBuildPhase section */
		D0DAF53E2738E28B008F295A /* Sources */ = {
			isa = PBXSourcesBuildPhase;
			buildActionMask = 2147483647;
			files = (
				D0DAF54D2738E28B008F295A /* MainViewController.m in Sources */,
				D0DAF5472738E28B008F295A /* AppDelegate.m in Sources */,
				D0DAF5582738E28C008F295A /* main.m in Sources */,
				D0DAF54A2738E28B008F295A /* SceneDelegate.m in Sources */,
			);
			runOnlyForDeploymentPostprocessing = 0;
		};
/* End PBXSourcesBuildPhase section */

/* Begin PBXVariantGroup section */
		D0DAF54E2738E28B008F295A /* Main.storyboard */ = {
			isa = PBXVariantGroup;
			children = (
				D0DAF54F2738E28B008F295A /* Base */,
			);
			name = Main.storyboard;
			sourceTree = "<group>";
		};
		D0DAF5532738E28C008F295A /* LaunchScreen.storyboard */ = {
			isa = PBXVariantGroup;
			children = (
				D0DAF5542738E28C008F295A /* Base */,
			);
			name = LaunchScreen.storyboard;
			sourceTree = "<group>";
		};
/* End PBXVariantGroup section */

/* Begin XCBuildConfiguration section */
		D0DAF5592738E28C008F295A /* Debug */ = {
			isa = XCBuildConfiguration;
			buildSettings = {
				ALWAYS_SEARCH_USER_PATHS = NO;
				CLANG_ANALYZER_NONNULL = YES;
				CLANG_ANALYZER_NUMBER_OBJECT_CONVERSION = YES_AGGRESSIVE;
				CLANG_CXX_LANGUAGE_STANDARD = "gnu++14";
				CLANG_CXX_LIBRARY = "libc++";
				CLANG_ENABLE_MODULES = YES;
				CLANG_ENABLE_OBJC_ARC = YES;
				CLANG_ENABLE_OBJC_WEAK = YES;
				CLANG_WARN_BLOCK_CAPTURE_AUTORELEASING = YES;
				CLANG_WARN_BOOL_CONVERSION = YES;
				CLANG_WARN_COMMA = YES;
				CLANG_WARN_CONSTANT_CONVERSION = YES;
				CLANG_WARN_DEPRECATED_OBJC_IMPLEMENTATIONS = YES;
				CLANG_WARN_DIRECT_OBJC_ISA_USAGE = YES_ERROR;
				CLANG_WARN_DOCUMENTATION_COMMENTS = YES;
				CLANG_WARN_EMPTY_BODY = YES;
				CLANG_WARN_ENUM_CONVERSION = YES;
				CLANG_WARN_INFINITE_RECURSION = YES;
				CLANG_WARN_INT_CONVERSION = YES;
				CLANG_WARN_NON_LITERAL_NULL_CONVERSION = YES;
				CLANG_WARN_OBJC_IMPLICIT_RETAIN_SELF = YES;
				CLANG_WARN_OBJC_LITERAL_CONVERSION = YES;
				CLANG_WARN_OBJC_ROOT_CLASS = YES_ERROR;
				CLANG_WARN_RANGE_LOOP_ANALYSIS = YES;
				CLANG_WARN_STRICT_PROTOTYPES = YES;
				CLANG_WARN_SUSPICIOUS_MOVE = YES;
				CLANG_WARN_UNGUARDED_AVAILABILITY = YES_AGGRESSIVE;
				CLANG_WARN_UNREACHABLE_CODE = YES;
				CLANG_WARN__DUPLICATE_METHOD_MATCH = YES;
				COPY_PHASE_STRIP = NO;
				DEBUG_INFORMATION_FORMAT = dwarf;
				ENABLE_STRICT_OBJC_MSGSEND = YES;
				ENABLE_TESTABILITY = YES;
				GCC_C_LANGUAGE_STANDARD = gnu11;
				GCC_DYNAMIC_NO_PIC = NO;
				GCC_NO_COMMON_BLOCKS = YES;
				GCC_OPTIMIZATION_LEVEL = 0;
				GCC_PREPROCESSOR_DEFINITIONS = (
					"DEBUG=1",
					"$(inherited)",
				);
				GCC_WARN_64_TO_32_BIT_CONVERSION = YES;
				GCC_WARN_ABOUT_RETURN_TYPE = YES_ERROR;
				GCC_WARN_UNDECLARED_SELECTOR = YES;
				GCC_WARN_UNINITIALIZED_AUTOS = YES_AGGRESSIVE;
				GCC_WARN_UNUSED_FUNCTION = YES;
				GCC_WARN_UNUSED_VARIABLE = YES;
				IPHONEOS_DEPLOYMENT_TARGET = 13.2;
				MTL_ENABLE_DEBUG_INFO = INCLUDE_SOURCE;
				MTL_FAST_MATH = YES;
				ONLY_ACTIVE_ARCH = YES;
				SDKROOT = iphoneos;
			};
			name = Debug;
		};
		D0DAF55A2738E28C008F295A /* Release */ = {
			isa = XCBuildConfiguration;
			buildSettings = {
				ALWAYS_SEARCH_USER_PATHS = NO;
				CLANG_ANALYZER_NONNULL = YES;
				CLANG_ANALYZER_NUMBER_OBJECT_CONVERSION = YES_AGGRESSIVE;
				CLANG_CXX_LANGUAGE_STANDARD = "gnu++14";
				CLANG_CXX_LIBRARY = "libc++";
				CLANG_ENABLE_MODULES = YES;
				CLANG_ENABLE_OBJC_ARC = YES;
				CLANG_ENABLE_OBJC_WEAK = YES;
				CLANG_WARN_BLOCK_CAPTURE_AUTORELEASING = YES;
				CLANG_WARN_BOOL_CONVERSION = YES;
				CLANG_WARN_COMMA = YES;
				CLANG_WARN_CONSTANT_CONVERSION = YES;
				CLANG_WARN_DEPRECATED_OBJC_IMPLEMENTATIONS = YES;
				CLANG_WARN_DIRECT_OBJC_ISA_USAGE = YES_ERROR;
				CLANG_WARN_DOCUMENTATION_COMMENTS = YES;
				CLANG_WARN_EMPTY_BODY = YES;
				CLANG_WARN_ENUM_CONVERSION = YES;
				CLANG_WARN_INFINITE_RECURSION = YES;
				CLANG_WARN_INT_CONVERSION = YES;
				CLANG_WARN_NON_LITERAL_NULL_CONVERSION = YES;
				CLANG_WARN_OBJC_IMPLICIT_RETAIN_SELF = YES;
				CLANG_WARN_OBJC_LITERAL_CONVERSION = YES;
				CLANG_WARN_OBJC_ROOT_CLASS = YES_ERROR;
				CLANG_WARN_RANGE_LOOP_ANALYSIS = YES;
				CLANG_WARN_STRICT_PROTOTYPES = YES;
				CLANG_WARN_SUSPICIOUS_MOVE = YES;
				CLANG_WARN_UNGUARDED_AVAILABILITY = YES_AGGRESSIVE;
				CLANG_WARN_UNREACHABLE_CODE = YES;
				CLANG_WARN__DUPLICATE_METHOD_MATCH = YES;
				COPY_PHASE_STRIP = NO;
				DEBUG_INFORMATION_FORMAT = "dwarf-with-dsym";
				ENABLE_NS_ASSERTIONS = NO;
				ENABLE_STRICT_OBJC_MSGSEND = YES;
				GCC_C_LANGUAGE_STANDARD = gnu11;
				GCC_NO_COMMON_BLOCKS = YES;
				GCC_WARN_64_TO_32_BIT_CONVERSION = YES;
				GCC_WARN_ABOUT_RETURN_TYPE = YES_ERROR;
				GCC_WARN_UNDECLARED_SELECTOR = YES;
				GCC_WARN_UNINITIALIZED_AUTOS = YES_AGGRESSIVE;
				GCC_WARN_UNUSED_FUNCTION = YES;
				GCC_WARN_UNUSED_VARIABLE = YES;
				IPHONEOS_DEPLOYMENT_TARGET = 13.2;
				MTL_ENABLE_DEBUG_INFO = NO;
				MTL_FAST_MATH = YES;
				SDKROOT = iphoneos;
				VALIDATE_PRODUCT = YES;
			};
			name = Release;
		};
		D0DAF55C2738E28C008F295A /* Debug */ = {
			isa = XCBuildConfiguration;
			baseConfigurationReference = 684FBACE5A0B908D74B9BC8F /* Pods-QRCodeTutorial_objective-c.debug.xcconfig */;
			buildSettings = {
				ASSETCATALOG_COMPILER_APPICON_NAME = AppIcon;
				CODE_SIGN_STYLE = Automatic;
				DEVELOPMENT_TEAM = Y6V4RF5LX4;
				INFOPLIST_FILE = "QRCodeTutorial_objective-c/Info.plist";
				LD_RUNPATH_SEARCH_PATHS = (
					"$(inherited)",
					"@executable_path/Frameworks",
				);
				PRODUCT_BUNDLE_IDENTIFIER = "---------.QRCodeTutorial-objective-c";
				PRODUCT_NAME = "$(TARGET_NAME)";
				TARGETED_DEVICE_FAMILY = "1,2";
			};
			name = Debug;
		};
		D0DAF55D2738E28C008F295A /* Release */ = {
			isa = XCBuildConfiguration;
			baseConfigurationReference = 223B196176331F72DB664508 /* Pods-QRCodeTutorial_objective-c.release.xcconfig */;
			buildSettings = {
				ASSETCATALOG_COMPILER_APPICON_NAME = AppIcon;
				CODE_SIGN_STYLE = Automatic;
				DEVELOPMENT_TEAM = Y6V4RF5LX4;
				INFOPLIST_FILE = "QRCodeTutorial_objective-c/Info.plist";
				LD_RUNPATH_SEARCH_PATHS = (
					"$(inherited)",
					"@executable_path/Frameworks",
				);
				PRODUCT_BUNDLE_IDENTIFIER = "---------.QRCodeTutorial-objective-c";
				PRODUCT_NAME = "$(TARGET_NAME)";
				TARGETED_DEVICE_FAMILY = "1,2";
			};
			name = Release;
		};
/* End XCBuildConfiguration section */

/* Begin XCConfigurationList section */
		D0DAF53D2738E28B008F295A /* Build configuration list for PBXProject "QRCodeTutorial_objective-c" */ = {
			isa = XCConfigurationList;
			buildConfigurations = (
				D0DAF5592738E28C008F295A /* Debug */,
				D0DAF55A2738E28C008F295A /* Release */,
			);
			defaultConfigurationIsVisible = 0;
			defaultConfigurationName = Release;
		};
		D0DAF55B2738E28C008F295A /* Build configuration list for PBXNativeTarget "QRCodeTutorial_objective-c" */ = {
			isa = XCConfigurationList;
			buildConfigurations = (
				D0DAF55C2738E28C008F295A /* Debug */,
				D0DAF55D2738E28C008F295A /* Release */,
			);
			defaultConfigurationIsVisible = 0;
			defaultConfigurationName = Release;
		};
/* End XCConfigurationList section */
	};
	rootObject = D0DAF53A2738E28B008F295A /* Project object */;
}
